// !$*UTF8*$!
{
	archiveVersion = 1;
	classes = {
	};
	objectVersion = 46;
	objects = {

/* Begin PBXBuildFile section */
		B2217B7E1AA3038E0007CEB0 /* Foundation.framework in Frameworks */ = {isa = PBXBuildFile; fileRef = B2217B7D1AA3038E0007CEB0 /* Foundation.framework */; };
		B2217B801AA3038E0007CEB0 /* CoreGraphics.framework in Frameworks */ = {isa = PBXBuildFile; fileRef = B2217B7F1AA3038E0007CEB0 /* CoreGraphics.framework */; };
		B2217B821AA3038E0007CEB0 /* UIKit.framework in Frameworks */ = {isa = PBXBuildFile; fileRef = B2217B811AA3038E0007CEB0 /* UIKit.framework */; };
		B2217B881AA3038E0007CEB0 /* InfoPlist.strings in Resources */ = {isa = PBXBuildFile; fileRef = B2217B861AA3038E0007CEB0 /* InfoPlist.strings */; };
		B2217B8A1AA3038E0007CEB0 /* main.m in Sources */ = {isa = PBXBuildFile; fileRef = B2217B891AA3038E0007CEB0 /* main.m */; };
		B2217B8E1AA3038E0007CEB0 /* AppDelegate.m in Sources */ = {isa = PBXBuildFile; fileRef = B2217B8D1AA3038E0007CEB0 /* AppDelegate.m */; };
		B2217B911AA3038E0007CEB0 /* Main.storyboard in Resources */ = {isa = PBXBuildFile; fileRef = B2217B8F1AA3038E0007CEB0 /* Main.storyboard */; };
		B2217B961AA3038E0007CEB0 /* Images.xcassets in Resources */ = {isa = PBXBuildFile; fileRef = B2217B951AA3038E0007CEB0 /* Images.xcassets */; };
		B2217B9D1AA3038E0007CEB0 /* XCTest.framework in Frameworks */ = {isa = PBXBuildFile; fileRef = B2217B9C1AA3038E0007CEB0 /* XCTest.framework */; };
		B2217B9E1AA3038E0007CEB0 /* Foundation.framework in Frameworks */ = {isa = PBXBuildFile; fileRef = B2217B7D1AA3038E0007CEB0 /* Foundation.framework */; };
		B2217B9F1AA3038E0007CEB0 /* UIKit.framework in Frameworks */ = {isa = PBXBuildFile; fileRef = B2217B811AA3038E0007CEB0 /* UIKit.framework */; };
		B2217BA71AA3038E0007CEB0 /* InfoPlist.strings in Resources */ = {isa = PBXBuildFile; fileRef = B2217BA51AA3038E0007CEB0 /* InfoPlist.strings */; };
		B2217BA91AA3038E0007CEB0 /* MusicPlayerTests.m in Sources */ = {isa = PBXBuildFile; fileRef = B2217BA81AA3038E0007CEB0 /* MusicPlayerTests.m */; };
		B2217BB41AA303D00007CEB0 /* ViewController.m in Sources */ = {isa = PBXBuildFile; fileRef = B2217BB31AA303D00007CEB0 /* ViewController.m */; };
		B2217BB71AA307890007CEB0 /* MyMusicTableViewController.m in Sources */ = {isa = PBXBuildFile; fileRef = B2217BB61AA307890007CEB0 /* MyMusicTableViewController.m */; };
		B2217BBA1AA3167E0007CEB0 /* LogInViewController.m in Sources */ = {isa = PBXBuildFile; fileRef = B2217BB91AA3167E0007CEB0 /* LogInViewController.m */; };
		B2D160CD1AAF09CD000980DD /* TRMusic.m in Sources */ = {isa = PBXBuildFile; fileRef = B2D160CA1AAF09CD000980DD /* TRMusic.m */; };
		B2D160CE1AAF09CD000980DD /* TRMusicGroup.m in Sources */ = {isa = PBXBuildFile; fileRef = B2D160CC1AAF09CD000980DD /* TRMusicGroup.m */; };
		B2D160D11AAF0AF2000980DD /* AllMusicTableViewController.m in Sources */ = {isa = PBXBuildFile; fileRef = B2D160D01AAF0AF2000980DD /* AllMusicTableViewController.m */; };
		B2D160D41AAF12E1000980DD /* MusicTableViewCell.m in Sources */ = {isa = PBXBuildFile; fileRef = B2D160D31AAF12E1000980DD /* MusicTableViewCell.m */; };
		B2D160D61AAF12FD000980DD /* music.xib in Resources */ = {isa = PBXBuildFile; fileRef = B2D160D51AAF12FD000980DD /* music.xib */; };
		B2D160D91AAF1561000980DD /* hq.png in Resources */ = {isa = PBXBuildFile; fileRef = B2D160D71AAF1561000980DD /* hq.png */; };
		B2D160DA1AAF1561000980DD /* hq@2x.png in Resources */ = {isa = PBXBuildFile; fileRef = B2D160D81AAF1561000980DD /* hq@2x.png */; };
		B2D160DD1AAF1570000980DD /* online_autosave_finish.png in Resources */ = {isa = PBXBuildFile; fileRef = B2D160DB1AAF1570000980DD /* online_autosave_finish.png */; };
		B2D160DE1AAF1570000980DD /* online_autosave_finish@2x.png in Resources */ = {isa = PBXBuildFile; fileRef = B2D160DC1AAF1570000980DD /* online_autosave_finish@2x.png */; };
		B2D160E21AAF1D63000980DD /* ForeignTableViewController.m in Sources */ = {isa = PBXBuildFile; fileRef = B2D160E11AAF1D63000980DD /* ForeignTableViewController.m */; };
		B2D5741F1AAC07A500D774F2 /* SelectedViewController.m in Sources */ = {isa = PBXBuildFile; fileRef = B2D5741E1AAC07A500D774F2 /* SelectedViewController.m */; };
		B2D5742A1AAC08A600D774F2 /* channel01.png in Resources */ = {isa = PBXBuildFile; fileRef = B2D574211AAC08A600D774F2 /* channel01.png */; };
		B2D5742B1AAC08A600D774F2 /* channel02.png in Resources */ = {isa = PBXBuildFile; fileRef = B2D574221AAC08A600D774F2 /* channel02.png */; };
		B2D5742C1AAC08A600D774F2 /* channel03.png in Resources */ = {isa = PBXBuildFile; fileRef = B2D574231AAC08A600D774F2 /* channel03.png */; };
		B2D5742D1AAC08A600D774F2 /* channel04.png in Resources */ = {isa = PBXBuildFile; fileRef = B2D574241AAC08A600D774F2 /* channel04.png */; };
		B2D5742E1AAC08A600D774F2 /* channel05.png in Resources */ = {isa = PBXBuildFile; fileRef = B2D574251AAC08A600D774F2 /* channel05.png */; };
		B2D5742F1AAC08A600D774F2 /* channel06.png in Resources */ = {isa = PBXBuildFile; fileRef = B2D574261AAC08A600D774F2 /* channel06.png */; };
		B2D574301AAC08A600D774F2 /* channel07.png in Resources */ = {isa = PBXBuildFile; fileRef = B2D574271AAC08A600D774F2 /* channel07.png */; };
		B2D574311AAC08A600D774F2 /* channel08.png in Resources */ = {isa = PBXBuildFile; fileRef = B2D574281AAC08A600D774F2 /* channel08.png */; };
		B2D574321AAC08A600D774F2 /* channel09.png in Resources */ = {isa = PBXBuildFile; fileRef = B2D574291AAC08A600D774F2 /* channel09.png */; };
		B2D574391AAC180100D774F2 /* MyFlowLayout.m in Sources */ = {isa = PBXBuildFile; fileRef = B2D574381AAC180100D774F2 /* MyFlowLayout.m */; };
		B2D5743B1AAC1A6300D774F2 /* ad01.png in Resources */ = {isa = PBXBuildFile; fileRef = B2D5743A1AAC1A6300D774F2 /* ad01.png */; };
		B2D574401AAC1D8E00D774F2 /* ad02.png in Resources */ = {isa = PBXBuildFile; fileRef = B2D5743C1AAC1D8E00D774F2 /* ad02.png */; };
		B2D574411AAC1D8E00D774F2 /* ad03.png in Resources */ = {isa = PBXBuildFile; fileRef = B2D5743D1AAC1D8E00D774F2 /* ad03.png */; };
		B2D574421AAC1D8E00D774F2 /* ad04.png in Resources */ = {isa = PBXBuildFile; fileRef = B2D5743E1AAC1D8E00D774F2 /* ad04.png */; };
		B2D574431AAC1D8E00D774F2 /* ad05.png in Resources */ = {isa = PBXBuildFile; fileRef = B2D5743F1AAC1D8E00D774F2 /* ad05.png */; };
/* End PBXBuildFile section */

/* Begin PBXContainerItemProxy section */
		B2217BA01AA3038E0007CEB0 /* PBXContainerItemProxy */ = {
			isa = PBXContainerItemProxy;
			containerPortal = B2217B721AA3038E0007CEB0 /* Project object */;
			proxyType = 1;
			remoteGlobalIDString = B2217B791AA3038E0007CEB0;
			remoteInfo = MusicPlayer;
		};
/* End PBXContainerItemProxy section */

/* Begin PBXFileReference section */
		B2217B7A1AA3038E0007CEB0 /* MusicPlayer.app */ = {isa = PBXFileReference; explicitFileType = wrapper.application; includeInIndex = 0; path = MusicPlayer.app; sourceTree = BUILT_PRODUCTS_DIR; };
		B2217B7D1AA3038E0007CEB0 /* Foundation.framework */ = {isa = PBXFileReference; lastKnownFileType = wrapper.framework; name = Foundation.framework; path = System/Library/Frameworks/Foundation.framework; sourceTree = SDKROOT; };
		B2217B7F1AA3038E0007CEB0 /* CoreGraphics.framework */ = {isa = PBXFileReference; lastKnownFileType = wrapper.framework; name = CoreGraphics.framework; path = System/Library/Frameworks/CoreGraphics.framework; sourceTree = SDKROOT; };
		B2217B811AA3038E0007CEB0 /* UIKit.framework */ = {isa = PBXFileReference; lastKnownFileType = wrapper.framework; name = UIKit.framework; path = System/Library/Frameworks/UIKit.framework; sourceTree = SDKROOT; };
		B2217B851AA3038E0007CEB0 /* MusicPlayer-Info.plist */ = {isa = PBXFileReference; lastKnownFileType = text.plist.xml; path = "MusicPlayer-Info.plist"; sourceTree = "<group>"; };
		B2217B871AA3038E0007CEB0 /* en */ = {isa = PBXFileReference; lastKnownFileType = text.plist.strings; name = en; path = en.lproj/InfoPlist.strings; sourceTree = "<group>"; };
		B2217B891AA3038E0007CEB0 /* main.m */ = {isa = PBXFileReference; lastKnownFileType = sourcecode.c.objc; path = main.m; sourceTree = "<group>"; };
		B2217B8B1AA3038E0007CEB0 /* MusicPlayer-Prefix.pch */ = {isa = PBXFileReference; lastKnownFileType = sourcecode.c.h; path = "MusicPlayer-Prefix.pch"; sourceTree = "<group>"; };
		B2217B8C1AA3038E0007CEB0 /* AppDelegate.h */ = {isa = PBXFileReference; lastKnownFileType = sourcecode.c.h; path = AppDelegate.h; sourceTree = "<group>"; };
		B2217B8D1AA3038E0007CEB0 /* AppDelegate.m */ = {isa = PBXFileReference; lastKnownFileType = sourcecode.c.objc; path = AppDelegate.m; sourceTree = "<group>"; };
		B2217B901AA3038E0007CEB0 /* Base */ = {isa = PBXFileReference; lastKnownFileType = file.storyboard; name = Base; path = Base.lproj/Main.storyboard; sourceTree = "<group>"; };
		B2217B951AA3038E0007CEB0 /* Images.xcassets */ = {isa = PBXFileReference; lastKnownFileType = folder.assetcatalog; path = Images.xcassets; sourceTree = "<group>"; };
		B2217B9B1AA3038E0007CEB0 /* MusicPlayerTests.xctest */ = {isa = PBXFileReference; explicitFileType = wrapper.cfbundle; includeInIndex = 0; path = MusicPlayerTests.xctest; sourceTree = BUILT_PRODUCTS_DIR; };
		B2217B9C1AA3038E0007CEB0 /* XCTest.framework */ = {isa = PBXFileReference; lastKnownFileType = wrapper.framework; name = XCTest.framework; path = Library/Frameworks/XCTest.framework; sourceTree = DEVELOPER_DIR; };
		B2217BA41AA3038E0007CEB0 /* MusicPlayerTests-Info.plist */ = {isa = PBXFileReference; lastKnownFileType = text.plist.xml; path = "MusicPlayerTests-Info.plist"; sourceTree = "<group>"; };
		B2217BA61AA3038E0007CEB0 /* en */ = {isa = PBXFileReference; lastKnownFileType = text.plist.strings; name = en; path = en.lproj/InfoPlist.strings; sourceTree = "<group>"; };
		B2217BA81AA3038E0007CEB0 /* MusicPlayerTests.m */ = {isa = PBXFileReference; lastKnownFileType = sourcecode.c.objc; path = MusicPlayerTests.m; sourceTree = "<group>"; };
		B2217BB21AA303D00007CEB0 /* ViewController.h */ = {isa = PBXFileReference; fileEncoding = 4; lastKnownFileType = sourcecode.c.h; path = ViewController.h; sourceTree = "<group>"; };
		B2217BB31AA303D00007CEB0 /* ViewController.m */ = {isa = PBXFileReference; fileEncoding = 4; lastKnownFileType = sourcecode.c.objc; path = ViewController.m; sourceTree = "<group>"; };
		B2217BB51AA307890007CEB0 /* MyMusicTableViewController.h */ = {isa = PBXFileReference; fileEncoding = 4; lastKnownFileType = sourcecode.c.h; path = MyMusicTableViewController.h; sourceTree = "<group>"; };
		B2217BB61AA307890007CEB0 /* MyMusicTableViewController.m */ = {isa = PBXFileReference; fileEncoding = 4; lastKnownFileType = sourcecode.c.objc; path = MyMusicTableViewController.m; sourceTree = "<group>"; };
		B2217BB81AA3167E0007CEB0 /* LogInViewController.h */ = {isa = PBXFileReference; fileEncoding = 4; lastKnownFileType = sourcecode.c.h; path = LogInViewController.h; sourceTree = "<group>"; };
		B2217BB91AA3167E0007CEB0 /* LogInViewController.m */ = {isa = PBXFileReference; fileEncoding = 4; lastKnownFileType = sourcecode.c.objc; path = LogInViewController.m; sourceTree = "<group>"; };
		B2D160C91AAF09CD000980DD /* TRMusic.h */ = {isa = PBXFileReference; fileEncoding = 4; lastKnownFileType = sourcecode.c.h; path = TRMusic.h; sourceTree = "<group>"; };
		B2D160CA1AAF09CD000980DD /* TRMusic.m */ = {isa = PBXFileReference; fileEncoding = 4; lastKnownFileType = sourcecode.c.objc; path = TRMusic.m; sourceTree = "<group>"; };
		B2D160CB1AAF09CD000980DD /* TRMusicGroup.h */ = {isa = PBXFileReference; fileEncoding = 4; lastKnownFileType = sourcecode.c.h; path = TRMusicGroup.h; sourceTree = "<group>"; };
		B2D160CC1AAF09CD000980DD /* TRMusicGroup.m */ = {isa = PBXFileReference; fileEncoding = 4; lastKnownFileType = sourcecode.c.objc; path = TRMusicGroup.m; sourceTree = "<group>"; };
		B2D160CF1AAF0AF2000980DD /* AllMusicTableViewController.h */ = {isa = PBXFileReference; fileEncoding = 4; lastKnownFileType = sourcecode.c.h; path = AllMusicTableViewController.h; sourceTree = "<group>"; };
		B2D160D01AAF0AF2000980DD /* AllMusicTableViewController.m */ = {isa = PBXFileReference; fileEncoding = 4; lastKnownFileType = sourcecode.c.objc; path = AllMusicTableViewController.m; sourceTree = "<group>"; };
		B2D160D21AAF12E1000980DD /* MusicTableViewCell.h */ = {isa = PBXFileReference; fileEncoding = 4; lastKnownFileType = sourcecode.c.h; path = MusicTableViewCell.h; sourceTree = "<group>"; };
		B2D160D31AAF12E1000980DD /* MusicTableViewCell.m */ = {isa = PBXFileReference; fileEncoding = 4; lastKnownFileType = sourcecode.c.objc; path = MusicTableViewCell.m; sourceTree = "<group>"; };
		B2D160D51AAF12FD000980DD /* music.xib */ = {isa = PBXFileReference; fileEncoding = 4; lastKnownFileType = file.xib; path = music.xib; sourceTree = "<group>"; };
		B2D160D71AAF1561000980DD /* hq.png */ = {isa = PBXFileReference; lastKnownFileType = image.png; path = hq.png; sourceTree = "<group>"; };
		B2D160D81AAF1561000980DD /* hq@2x.png */ = {isa = PBXFileReference; lastKnownFileType = image.png; path = "hq@2x.png"; sourceTree = "<group>"; };
		B2D160DB1AAF1570000980DD /* online_autosave_finish.png */ = {isa = PBXFileReference; lastKnownFileType = image.png; path = online_autosave_finish.png; sourceTree = "<group>"; };
		B2D160DC1AAF1570000980DD /* online_autosave_finish@2x.png */ = {isa = PBXFileReference; lastKnownFileType = image.png; path = "online_autosave_finish@2x.png"; sourceTree = "<group>"; };
		B2D160E01AAF1D63000980DD /* ForeignTableViewController.h */ = {isa = PBXFileReference; fileEncoding = 4; lastKnownFileType = sourcecode.c.h; path = ForeignTableViewController.h; sourceTree = "<group>"; };
		B2D160E11AAF1D63000980DD /* ForeignTableViewController.m */ = {isa = PBXFileReference; fileEncoding = 4; lastKnownFileType = sourcecode.c.objc; path = ForeignTableViewController.m; sourceTree = "<group>"; };
		B2D5741D1AAC07A500D774F2 /* SelectedViewController.h */ = {isa = PBXFileReference; fileEncoding = 4; lastKnownFileType = sourcecode.c.h; path = SelectedViewController.h; sourceTree = "<group>"; };
		B2D5741E1AAC07A500D774F2 /* SelectedViewController.m */ = {isa = PBXFileReference; fileEncoding = 4; lastKnownFileType = sourcecode.c.objc; path = SelectedViewController.m; sourceTree = "<group>"; };
		B2D574211AAC08A600D774F2 /* channel01.png */ = {isa = PBXFileReference; lastKnownFileType = image.png; path = channel01.png; sourceTree = "<group>"; };
		B2D574221AAC08A600D774F2 /* channel02.png */ = {isa = PBXFileReference; lastKnownFileType = image.png; path = channel02.png; sourceTree = "<group>"; };
		B2D574231AAC08A600D774F2 /* channel03.png */ = {isa = PBXFileReference; lastKnownFileType = image.png; path = channel03.png; sourceTree = "<group>"; };
		B2D574241AAC08A600D774F2 /* channel04.png */ = {isa = PBXFileReference; lastKnownFileType = image.png; path = channel04.png; sourceTree = "<group>"; };
		B2D574251AAC08A600D774F2 /* channel05.png */ = {isa = PBXFileReference; lastKnownFileType = image.png; path = channel05.png; sourceTree = "<group>"; };
		B2D574261AAC08A600D774F2 /* channel06.png */ = {isa = PBXFileReference; lastKnownFileType = image.png; path = channel06.png; sourceTree = "<group>"; };
		B2D574271AAC08A600D774F2 /* channel07.png */ = {isa = PBXFileReference; lastKnownFileType = image.png; path = channel07.png; sourceTree = "<group>"; };
		B2D574281AAC08A600D774F2 /* channel08.png */ = {isa = PBXFileReference; lastKnownFileType = image.png; path = channel08.png; sourceTree = "<group>"; };
		B2D574291AAC08A600D774F2 /* channel09.png */ = {isa = PBXFileReference; lastKnownFileType = image.png; path = channel09.png; sourceTree = "<group>"; };
		B2D574371AAC180100D774F2 /* MyFlowLayout.h */ = {isa = PBXFileReference; fileEncoding = 4; lastKnownFileType = sourcecode.c.h; path = MyFlowLayout.h; sourceTree = "<group>"; };
		B2D574381AAC180100D774F2 /* MyFlowLayout.m */ = {isa = PBXFileReference; fileEncoding = 4; lastKnownFileType = sourcecode.c.objc; path = MyFlowLayout.m; sourceTree = "<group>"; };
		B2D5743A1AAC1A6300D774F2 /* ad01.png */ = {isa = PBXFileReference; lastKnownFileType = image.png; path = ad01.png; sourceTree = "<group>"; };
		B2D5743C1AAC1D8E00D774F2 /* ad02.png */ = {isa = PBXFileReference; lastKnownFileType = image.png; path = ad02.png; sourceTree = "<group>"; };
		B2D5743D1AAC1D8E00D774F2 /* ad03.png */ = {isa = PBXFileReference; lastKnownFileType = image.png; path = ad03.png; sourceTree = "<group>"; };
		B2D5743E1AAC1D8E00D774F2 /* ad04.png */ = {isa = PBXFileReference; lastKnownFileType = image.png; path = ad04.png; sourceTree = "<group>"; };
		B2D5743F1AAC1D8E00D774F2 /* ad05.png */ = {isa = PBXFileReference; lastKnownFileType = image.png; path = ad05.png; sourceTree = "<group>"; };
/* End PBXFileReference section */

/* Begin PBXFrameworksBuildPhase section */
		B2217B771AA3038E0007CEB0 /* Frameworks */ = {
			isa = PBXFrameworksBuildPhase;
			buildActionMask = 2147483647;
			files = (
				B2217B801AA3038E0007CEB0 /* CoreGraphics.framework in Frameworks */,
				B2217B821AA3038E0007CEB0 /* UIKit.framework in Frameworks */,
				B2217B7E1AA3038E0007CEB0 /* Foundation.framework in Frameworks */,
			);
			runOnlyForDeploymentPostprocessing = 0;
		};
		B2217B981AA3038E0007CEB0 /* Frameworks */ = {
			isa = PBXFrameworksBuildPhase;
			buildActionMask = 2147483647;
			files = (
				B2217B9D1AA3038E0007CEB0 /* XCTest.framework in Frameworks */,
				B2217B9F1AA3038E0007CEB0 /* UIKit.framework in Frameworks */,
				B2217B9E1AA3038E0007CEB0 /* Foundation.framework in Frameworks */,
			);
			runOnlyForDeploymentPostprocessing = 0;
		};
/* End PBXFrameworksBuildPhase section */

/* Begin PBXGroup section */
		B2217B711AA3038E0007CEB0 = {
			isa = PBXGroup;
			children = (
				B2217B831AA3038E0007CEB0 /* MusicPlayer */,
				B2217BA21AA3038E0007CEB0 /* MusicPlayerTests */,
				B2217B7C1AA3038E0007CEB0 /* Frameworks */,
				B2217B7B1AA3038E0007CEB0 /* Products */,
			);
			sourceTree = "<group>";
		};
		B2217B7B1AA3038E0007CEB0 /* Products */ = {
			isa = PBXGroup;
			children = (
				B2217B7A1AA3038E0007CEB0 /* MusicPlayer.app */,
				B2217B9B1AA3038E0007CEB0 /* MusicPlayerTests.xctest */,
			);
			name = Products;
			sourceTree = "<group>";
		};
		B2217B7C1AA3038E0007CEB0 /* Frameworks */ = {
			isa = PBXGroup;
			children = (
				B2217B7D1AA3038E0007CEB0 /* Foundation.framework */,
				B2217B7F1AA3038E0007CEB0 /* CoreGraphics.framework */,
				B2217B811AA3038E0007CEB0 /* UIKit.framework */,
				B2217B9C1AA3038E0007CEB0 /* XCTest.framework */,
			);
			name = Frameworks;
			sourceTree = "<group>";
		};
		B2217B831AA3038E0007CEB0 /* MusicPlayer */ = {
			isa = PBXGroup;
			children = (
				B2217B8C1AA3038E0007CEB0 /* AppDelegate.h */,
				B2217B8D1AA3038E0007CEB0 /* AppDelegate.m */,
				B2217B8F1AA3038E0007CEB0 /* Main.storyboard */,
				B2D160DF1AAF1D32000980DD /* MusicStore */,
				B2D574461AAC1FAA00D774F2 /* Welcome */,
				B2D574451AAC1F9E00D774F2 /* MyMusic */,
				B2D574441AAC1F8A00D774F2 /* LogIn */,
				B2D574361AAC174500D774F2 /* SelectedVC */,
				B2217B951AA3038E0007CEB0 /* Images.xcassets */,
				B2D574201AAC089C00D774F2 /* Image */,
				B2D5741C1AABFC3B00D774F2 /* Model */,
				B2217B841AA3038E0007CEB0 /* Supporting Files */,
			);
			path = MusicPlayer;
			sourceTree = "<group>";
		};
		B2217B841AA3038E0007CEB0 /* Supporting Files */ = {
			isa = PBXGroup;
			children = (
				B2217B851AA3038E0007CEB0 /* MusicPlayer-Info.plist */,
				B2217B861AA3038E0007CEB0 /* InfoPlist.strings */,
				B2217B891AA3038E0007CEB0 /* main.m */,
				B2217B8B1AA3038E0007CEB0 /* MusicPlayer-Prefix.pch */,
			);
			name = "Supporting Files";
			sourceTree = "<group>";
		};
		B2217BA21AA3038E0007CEB0 /* MusicPlayerTests */ = {
			isa = PBXGroup;
			children = (
				B2217BA81AA3038E0007CEB0 /* MusicPlayerTests.m */,
				B2217BA31AA3038E0007CEB0 /* Supporting Files */,
			);
			path = MusicPlayerTests;
			sourceTree = "<group>";
		};
		B2217BA31AA3038E0007CEB0 /* Supporting Files */ = {
			isa = PBXGroup;
			children = (
				B2217BA41AA3038E0007CEB0 /* MusicPlayerTests-Info.plist */,
				B2217BA51AA3038E0007CEB0 /* InfoPlist.strings */,
			);
			name = "Supporting Files";
			sourceTree = "<group>";
		};
		B2D160DF1AAF1D32000980DD /* MusicStore */ = {
			isa = PBXGroup;
			children = (
				B2D160E01AAF1D63000980DD /* ForeignTableViewController.h */,
				B2D160E11AAF1D63000980DD /* ForeignTableViewController.m */,
			);
			name = MusicStore;
			sourceTree = "<group>";
		};
		B2D5741C1AABFC3B00D774F2 /* Model */ = {
			isa = PBXGroup;
			children = (
				B2D160C91AAF09CD000980DD /* TRMusic.h */,
				B2D160CA1AAF09CD000980DD /* TRMusic.m */,
				B2D160CB1AAF09CD000980DD /* TRMusicGroup.h */,
				B2D160CC1AAF09CD000980DD /* TRMusicGroup.m */,
			);
			name = Model;
			sourceTree = "<group>";
		};
		B2D574201AAC089C00D774F2 /* Image */ = {
			isa = PBXGroup;
			children = (
				B2D160DB1AAF1570000980DD /* online_autosave_finish.png */,
				B2D160DC1AAF1570000980DD /* online_autosave_finish@2x.png */,
				B2D160D71AAF1561000980DD /* hq.png */,
				B2D160D81AAF1561000980DD /* hq@2x.png */,
				B2D5743A1AAC1A6300D774F2 /* ad01.png */,
				B2D5743C1AAC1D8E00D774F2 /* ad02.png */,
				B2D5743D1AAC1D8E00D774F2 /* ad03.png */,
				B2D5743E1AAC1D8E00D774F2 /* ad04.png */,
				B2D5743F1AAC1D8E00D774F2 /* ad05.png */,
				B2D574211AAC08A600D774F2 /* channel01.png */,
				B2D574221AAC08A600D774F2 /* channel02.png */,
				B2D574231AAC08A600D774F2 /* channel03.png */,
				B2D574241AAC08A600D774F2 /* channel04.png */,
				B2D574251AAC08A600D774F2 /* channel05.png */,
				B2D574261AAC08A600D774F2 /* channel06.png */,
				B2D574271AAC08A600D774F2 /* channel07.png */,
				B2D574281AAC08A600D774F2 /* channel08.png */,
				B2D574291AAC08A600D774F2 /* channel09.png */,
			);
			name = Image;
			sourceTree = "<group>";
		};
		B2D574361AAC174500D774F2 /* SelectedVC */ = {
			isa = PBXGroup;
			children = (
				B2D5741D1AAC07A500D774F2 /* SelectedViewController.h */,
				B2D5741E1AAC07A500D774F2 /* SelectedViewController.m */,
				B2D574371AAC180100D774F2 /* MyFlowLayout.h */,
				B2D574381AAC180100D774F2 /* MyFlowLayout.m */,
			);
			name = SelectedVC;
			sourceTree = "<group>";
		};
		B2D574441AAC1F8A00D774F2 /* LogIn */ = {
			isa = PBXGroup;
			children = (
				B2217BB81AA3167E0007CEB0 /* LogInViewController.h */,
				B2217BB91AA3167E0007CEB0 /* LogInViewController.m */,
			);
			name = LogIn;
			sourceTree = "<group>";
		};
		B2D574451AAC1F9E00D774F2 /* MyMusic */ = {
			isa = PBXGroup;
			children = (
				B2217BB51AA307890007CEB0 /* MyMusicTableViewController.h */,
				B2217BB61AA307890007CEB0 /* MyMusicTableViewController.m */,
				B2D160CF1AAF0AF2000980DD /* AllMusicTableViewController.h */,
				B2D160D01AAF0AF2000980DD /* AllMusicTableViewController.m */,
				B2D160D21AAF12E1000980DD /* MusicTableViewCell.h */,
				B2D160D31AAF12E1000980DD /* MusicTableViewCell.m */,
				B2D160D51AAF12FD000980DD /* music.xib */,
			);
			name = MyMusic;
			sourceTree = "<group>";
		};
		B2D574461AAC1FAA00D774F2 /* Welcome */ = {
			isa = PBXGroup;
			children = (
				B2217BB21AA303D00007CEB0 /* ViewController.h */,
				B2217BB31AA303D00007CEB0 /* ViewController.m */,
			);
			name = Welcome;
			sourceTree = "<group>";
		};
/* End PBXGroup section */

/* Begin PBXNativeTarget section */
		B2217B791AA3038E0007CEB0 /* MusicPlayer */ = {
			isa = PBXNativeTarget;
			buildConfigurationList = B2217BAC1AA3038E0007CEB0 /* Build configuration list for PBXNativeTarget "MusicPlayer" */;
			buildPhases = (
				B2217B761AA3038E0007CEB0 /* Sources */,
				B2217B771AA3038E0007CEB0 /* Frameworks */,
				B2217B781AA3038E0007CEB0 /* Resources */,
			);
			buildRules = (
			);
			dependencies = (
			);
			name = MusicPlayer;
			productName = MusicPlayer;
			productReference = B2217B7A1AA3038E0007CEB0 /* MusicPlayer.app */;
			productType = "com.apple.product-type.application";
		};
		B2217B9A1AA3038E0007CEB0 /* MusicPlayerTests */ = {
			isa = PBXNativeTarget;
			buildConfigurationList = B2217BAF1AA3038E0007CEB0 /* Build configuration list for PBXNativeTarget "MusicPlayerTests" */;
			buildPhases = (
				B2217B971AA3038E0007CEB0 /* Sources */,
				B2217B981AA3038E0007CEB0 /* Frameworks */,
				B2217B991AA3038E0007CEB0 /* Resources */,
			);
			buildRules = (
			);
			dependencies = (
				B2217BA11AA3038E0007CEB0 /* PBXTargetDependency */,
			);
			name = MusicPlayerTests;
			productName = MusicPlayerTests;
			productReference = B2217B9B1AA3038E0007CEB0 /* MusicPlayerTests.xctest */;
			productType = "com.apple.product-type.bundle.unit-test";
		};
/* End PBXNativeTarget section */

/* Begin PBXProject section */
		B2217B721AA3038E0007CEB0 /* Project object */ = {
			isa = PBXProject;
			attributes = {
				LastUpgradeCheck = 0510;
				ORGANIZATIONNAME = tarena;
				TargetAttributes = {
					B2217B9A1AA3038E0007CEB0 = {
						TestTargetID = B2217B791AA3038E0007CEB0;
					};
				};
			};
			buildConfigurationList = B2217B751AA3038E0007CEB0 /* Build configuration list for PBXProject "MusicPlayer" */;
			compatibilityVersion = "Xcode 3.2";
			developmentRegion = English;
			hasScannedForEncodings = 0;
			knownRegions = (
				en,
				Base,
			);
			mainGroup = B2217B711AA3038E0007CEB0;
			productRefGroup = B2217B7B1AA3038E0007CEB0 /* Products */;
			projectDirPath = "";
			projectRoot = "";
			targets = (
				B2217B791AA3038E0007CEB0 /* MusicPlayer */,
				B2217B9A1AA3038E0007CEB0 /* MusicPlayerTests */,
			);
		};
/* End PBXProject section */

/* Begin PBXResourcesBuildPhase section */
		B2217B781AA3038E0007CEB0 /* Resources */ = {
			isa = PBXResourcesBuildPhase;
			buildActionMask = 2147483647;
			files = (
				B2D5742C1AAC08A600D774F2 /* channel03.png in Resources */,
				B2217B961AA3038E0007CEB0 /* Images.xcassets in Resources */,
				B2217B881AA3038E0007CEB0 /* InfoPlist.strings in Resources */,
				B2D5742F1AAC08A600D774F2 /* channel06.png in Resources */,
				B2D160DE1AAF1570000980DD /* online_autosave_finish@2x.png in Resources */,
				B2D574421AAC1D8E00D774F2 /* ad04.png in Resources */,
				B2D574301AAC08A600D774F2 /* channel07.png in Resources */,
				B2D5742D1AAC08A600D774F2 /* channel04.png in Resources */,
				B2D574321AAC08A600D774F2 /* channel09.png in Resources */,
				B2D5742A1AAC08A600D774F2 /* channel01.png in Resources */,
				B2D574311AAC08A600D774F2 /* channel08.png in Resources */,
				B2217B911AA3038E0007CEB0 /* Main.storyboard in Resources */,
				B2D160D91AAF1561000980DD /* hq.png in Resources */,
				B2D160D61AAF12FD000980DD /* music.xib in Resources */,
				B2D5743B1AAC1A6300D774F2 /* ad01.png in Resources */,
				B2D574411AAC1D8E00D774F2 /* ad03.png in Resources */,
				B2D5742E1AAC08A600D774F2 /* channel05.png in Resources */,
				B2D574401AAC1D8E00D774F2 /* ad02.png in Resources */,
				B2D574431AAC1D8E00D774F2 /* ad05.png in Resources */,
				B2D160DD1AAF1570000980DD /* online_autosave_finish.png in Resources */,
				B2D5742B1AAC08A600D774F2 /* channel02.png in Resources */,
				B2D160DA1AAF1561000980DD /* hq@2x.png in Resources */,
			);
			runOnlyForDeploymentPostprocessing = 0;
		};
		B2217B991AA3038E0007CEB0 /* Resources */ = {
			isa = PBXResourcesBuildPhase;
			buildActionMask = 2147483647;
			files = (
				B2217BA71AA3038E0007CEB0 /* InfoPlist.strings in Resources */,
			);
			runOnlyForDeploymentPostprocessing = 0;
		};
/* End PBXResourcesBuildPhase section */

/* Begin PBXSourcesBuildPhase section */
		B2217B761AA3038E0007CEB0 /* Sources */ = {
			isa = PBXSourcesBuildPhase;
			buildActionMask = 2147483647;
			files = (
				B2D160D41AAF12E1000980DD /* MusicTableViewCell.m in Sources */,
				B2217BB41AA303D00007CEB0 /* ViewController.m in Sources */,
				B2D160D11AAF0AF2000980DD /* AllMusicTableViewController.m in Sources */,
				B2217BB71AA307890007CEB0 /* MyMusicTableViewController.m in Sources */,
				B2217BBA1AA3167E0007CEB0 /* LogInViewController.m in Sources */,
				B2D160CD1AAF09CD000980DD /* TRMusic.m in Sources */,
				B2D5741F1AAC07A500D774F2 /* SelectedViewController.m in Sources */,
				B2217B8E1AA3038E0007CEB0 /* AppDelegate.m in Sources */,
				B2D160CE1AAF09CD000980DD /* TRMusicGroup.m in Sources */,
				B2217B8A1AA3038E0007CEB0 /* main.m in Sources */,
				B2D574391AAC180100D774F2 /* MyFlowLayout.m in Sources */,
				B2D160E21AAF1D63000980DD /* ForeignTableViewController.m in Sources */,
			);
			runOnlyForDeploymentPostprocessing = 0;
		};
		B2217B971AA3038E0007CEB0 /* Sources */ = {
			isa = PBXSourcesBuildPhase;
			buildActionMask = 2147483647;
			files = (
				B2217BA91AA3038E0007CEB0 /* MusicPlayerTests.m in Sources */,
			);
			runOnlyForDeploymentPostprocessing = 0;
		};
/* End PBXSourcesBuildPhase section */

/* Begin PBXTargetDependency section */
		B2217BA11AA3038E0007CEB0 /* PBXTargetDependency */ = {
			isa = PBXTargetDependency;
			target = B2217B791AA3038E0007CEB0 /* MusicPlayer */;
			targetProxy = B2217BA01AA3038E0007CEB0 /* PBXContainerItemProxy */;
		};
/* End PBXTargetDependency section */

/* Begin PBXVariantGroup section */
		B2217B861AA3038E0007CEB0 /* InfoPlist.strings */ = {
			isa = PBXVariantGroup;
			children = (
				B2217B871AA3038E0007CEB0 /* en */,
			);
			name = InfoPlist.strings;
			sourceTree = "<group>";
		};
		B2217B8F1AA3038E0007CEB0 /* Main.storyboard */ = {
			isa = PBXVariantGroup;
			children = (
				B2217B901AA3038E0007CEB0 /* Base */,
			);
			name = Main.storyboard;
			sourceTree = "<group>";
		};
		B2217BA51AA3038E0007CEB0 /* InfoPlist.strings */ = {
			isa = PBXVariantGroup;
			children = (
				B2217BA61AA3038E0007CEB0 /* en */,
			);
			name = InfoPlist.strings;
			sourceTree = "<group>";
		};
/* End PBXVariantGroup section */

/* Begin XCBuildConfiguration section */
		B2217BAA1AA3038E0007CEB0 /* Debug */ = {
			isa = XCBuildConfiguration;
			buildSettings = {
				ALWAYS_SEARCH_USER_PATHS = NO;
				CLANG_CXX_LANGUAGE_STANDARD = "gnu++0x";
				CLANG_CXX_LIBRARY = "libc++";
				CLANG_ENABLE_MODULES = YES;
				CLANG_ENABLE_OBJC_ARC = YES;
				CLANG_WARN_BOOL_CONVERSION = YES;
				CLANG_WARN_CONSTANT_CONVERSION = YES;
				CLANG_WARN_DIRECT_OBJC_ISA_USAGE = YES_ERROR;
				CLANG_WARN_EMPTY_BODY = YES;
				CLANG_WARN_ENUM_CONVERSION = YES;
				CLANG_WARN_INT_CONVERSION = YES;
				CLANG_WARN_OBJC_ROOT_CLASS = YES_ERROR;
				CLANG_WARN__DUPLICATE_METHOD_MATCH = YES;
				"CODE_SIGN_IDENTITY[sdk=iphoneos*]" = "iPhone Developer";
				COPY_PHASE_STRIP = NO;
				GCC_C_LANGUAGE_STANDARD = gnu99;
				GCC_DYNAMIC_NO_PIC = NO;
				GCC_OPTIMIZATION_LEVEL = 0;
				GCC_PREPROCESSOR_DEFINITIONS = (
					"DEBUG=1",
					"$(inherited)",
				);
				GCC_SYMBOLS_PRIVATE_EXTERN = NO;
				GCC_WARN_64_TO_32_BIT_CONVERSION = YES;
				GCC_WARN_ABOUT_RETURN_TYPE = YES_ERROR;
				GCC_WARN_UNDECLARED_SELECTOR = YES;
				GCC_WARN_UNINITIALIZED_AUTOS = YES_AGGRESSIVE;
				GCC_WARN_UNUSED_FUNCTION = YES;
				GCC_WARN_UNUSED_VARIABLE = YES;
				IPHONEOS_DEPLOYMENT_TARGET = 7.1;
				ONLY_ACTIVE_ARCH = YES;
				SDKROOT = iphoneos;
			};
			name = Debug;
		};
		B2217BAB1AA3038E0007CEB0 /* Release */ = {
			isa = XCBuildConfiguration;
			buildSettings = {
				ALWAYS_SEARCH_USER_PATHS = NO;
				CLANG_CXX_LANGUAGE_STANDARD = "gnu++0x";
				CLANG_CXX_LIBRARY = "libc++";
				CLANG_ENABLE_MODULES = YES;
				CLANG_ENABLE_OBJC_ARC = YES;
				CLANG_WARN_BOOL_CONVERSION = YES;
				CLANG_WARN_CONSTANT_CONVERSION = YES;
				CLANG_WARN_DIRECT_OBJC_ISA_USAGE = YES_ERROR;
				CLANG_WARN_EMPTY_BODY = YES;
				CLANG_WARN_ENUM_CONVERSION = YES;
				CLANG_WARN_INT_CONVERSION = YES;
				CLANG_WARN_OBJC_ROOT_CLASS = YES_ERROR;
				CLANG_WARN__DUPLICATE_METHOD_MATCH = YES;
				"CODE_SIGN_IDENTITY[sdk=iphoneos*]" = "iPhone Developer";
				COPY_PHASE_STRIP = YES;
				ENABLE_NS_ASSERTIONS = NO;
				GCC_C_LANGUAGE_STANDARD = gnu99;
				GCC_WARN_64_TO_32_BIT_CONVERSION = YES;
				GCC_WARN_ABOUT_RETURN_TYPE = YES_ERROR;
				GCC_WARN_UNDECLARED_SELECTOR = YES;
				GCC_WARN_UNINITIALIZED_AUTOS = YES_AGGRESSIVE;
				GCC_WARN_UNUSED_FUNCTION = YES;
				GCC_WARN_UNUSED_VARIABLE = YES;
				IPHONEOS_DEPLOYMENT_TARGET = 7.1;
				SDKROOT = iphoneos;
				VALIDATE_PRODUCT = YES;
			};
			name = Release;
		};
		B2217BAD1AA3038E0007CEB0 /* Debug */ = {
			isa = XCBuildConfiguration;
			buildSettings = {
				ASSETCATALOG_COMPILER_APPICON_NAME = AppIcon;
				ASSETCATALOG_COMPILER_LAUNCHIMAGE_NAME = LaunchImage;
				GCC_PRECOMPILE_PREFIX_HEADER = YES;
				GCC_PREFIX_HEADER = "MusicPlayer/MusicPlayer-Prefix.pch";
				INFOPLIST_FILE = "MusicPlayer/MusicPlayer-Info.plist";
				PRODUCT_NAME = "$(TARGET_NAME)";
				WRAPPER_EXTENSION = app;
			};
			name = Debug;
		};
		B2217BAE1AA3038E0007CEB0 /* Release */ = {
			isa = XCBuildConfiguration;
			buildSettings = {
				ASSETCATALOG_COMPILER_APPICON_NAME = AppIcon;
				ASSETCATALOG_COMPILER_LAUNCHIMAGE_NAME = LaunchImage;
				GCC_PRECOMPILE_PREFIX_HEADER = YES;
				GCC_PREFIX_HEADER = "MusicPlayer/MusicPlayer-Prefix.pch";
				INFOPLIST_FILE = "MusicPlayer/MusicPlayer-Info.plist";
				PRODUCT_NAME = "$(TARGET_NAME)";
				WRAPPER_EXTENSION = app;
			};
			name = Release;
		};
		B2217BB01AA3038E0007CEB0 /* Debug */ = {
			isa = XCBuildConfiguration;
			buildSettings = {
				BUNDLE_LOADER = "$(BUILT_PRODUCTS_DIR)/MusicPlayer.app/MusicPlayer";
				FRAMEWORK_SEARCH_PATHS = (
					"$(SDKROOT)/Developer/Library/Frameworks",
					"$(inherited)",
					"$(DEVELOPER_FRAMEWORKS_DIR)",
				);
				GCC_PRECOMPILE_PREFIX_HEADER = YES;
				GCC_PREFIX_HEADER = "MusicPlayer/MusicPlayer-Prefix.pch";
				GCC_PREPROCESSOR_DEFINITIONS = (
					"DEBUG=1",
					"$(inherited)",
				);
				INFOPLIST_FILE = "MusicPlayerTests/MusicPlayerTests-Info.plist";
				PRODUCT_NAME = "$(TARGET_NAME)";
				TEST_HOST = "$(BUNDLE_LOADER)";
				WRAPPER_EXTENSION = xctest;
			};
			name = Debug;
		};
		B2217BB11AA3038E0007CEB0 /* Release */ = {
			isa = XCBuildConfiguration;
			buildSettings = {
				BUNDLE_LOADER = "$(BUILT_PRODUCTS_DIR)/MusicPlayer.app/MusicPlayer";
				FRAMEWORK_SEARCH_PATHS = (
					"$(SDKROOT)/Developer/Library/Frameworks",
					"$(inherited)",
					"$(DEVELOPER_FRAMEWORKS_DIR)",
				);
				GCC_PRECOMPILE_PREFIX_HEADER = YES;
				GCC_PREFIX_HEADER = "MusicPlayer/MusicPlayer-Prefix.pch";
				INFOPLIST_FILE = "MusicPlayerTests/MusicPlayerTests-Info.plist";
				PRODUCT_NAME = "$(TARGET_NAME)";
				TEST_HOST = "$(BUNDLE_LOADER)";
				WRAPPER_EXTENSION = xctest;
			};
			name = Release;
		};
/* End XCBuildConfiguration section */

/* Begin XCConfigurationList section */
		B2217B751AA3038E0007CEB0 /* Build configuration list for PBXProject "MusicPlayer" */ = {
			isa = XCConfigurationList;
			buildConfigurations = (
				B2217BAA1AA3038E0007CEB0 /* Debug */,
				B2217BAB1AA3038E0007CEB0 /* Release */,
			);
			defaultConfigurationIsVisible = 0;
			defaultConfigurationName = Release;
		};
		B2217BAC1AA3038E0007CEB0 /* Build configuration list for PBXNativeTarget "MusicPlayer" */ = {
			isa = XCConfigurationList;
			buildConfigurations = (
				B2217BAD1AA3038E0007CEB0 /* Debug */,
				B2217BAE1AA3038E0007CEB0 /* Release */,
			);
			defaultConfigurationIsVisible = 0;
			defaultConfigurationName = Release;
		};
		B2217BAF1AA3038E0007CEB0 /* Build configuration list for PBXNativeTarget "MusicPlayerTests" */ = {
			isa = XCConfigurationList;
			buildConfigurations = (
				B2217BB01AA3038E0007CEB0 /* Debug */,
				B2217BB11AA3038E0007CEB0 /* Release */,
			);
			defaultConfigurationIsVisible = 0;
			defaultConfigurationName = Release;
		};
/* End XCConfigurationList section */
	};
	rootObject = B2217B721AA3038E0007CEB0 /* Project object */;
}
